{
  "_comment": "Placeholder lockfile. R was not available in the environment that scaffolded this repo, so this was not generated by renv::snapshot(). Run renv::init() / renv::snapshot() from RStudio to replace this with a real lockfile capturing your actual package versions.",
  "R": {
    "Version": null,
    "Repositories": []
  },
  "Packages": {}
}
